
Microsoft Visual Studio Solution File, Format Version 12.00
# Visual Studio 15
Project("{FAE04EC0-301F-11D3-BF4B-00C04F79EFBC}") = "GameAssembly", "GameAssembly.csproj", "{22A532E0-ACEE-BDC6-A000-FB4B768931C4}"
EndProject
Project("{FAE04EC0-301F-11D3-BF4B-00C04F79EFBC}") = "Tests", "Tests.csproj", "{9C0A3163-E8A7-B822-FB99-9928D5272A29}"
EndProject
Global
	GlobalSection(SolutionConfigurationPlatforms) = preSolution
		Debug|Any CPU = Debug|Any CPU
		Release|Any CPU = Release|Any CPU
	EndGlobalSection
	GlobalSection(ProjectConfigurationPlatforms) = postSolution
		{22A532E0-ACEE-BDC6-A000-FB4B768931C4}.Debug|Any CPU.ActiveCfg = Debug|Any CPU
		{22A532E0-ACEE-BDC6-A000-FB4B768931C4}.Debug|Any CPU.Build.0 = Debug|Any CPU
		{22A532E0-ACEE-BDC6-A000-FB4B768931C4}.Release|Any CPU.ActiveCfg = Release|Any CPU
		{22A532E0-ACEE-BDC6-A000-FB4B768931C4}.Release|Any CPU.Build.0 = Release|Any CPU
		{9C0A3163-E8A7-B822-FB99-9928D5272A29}.Debug|Any CPU.ActiveCfg = Debug|Any CPU
		{9C0A3163-E8A7-B822-FB99-9928D5272A29}.Debug|Any CPU.Build.0 = Debug|Any CPU
		{9C0A3163-E8A7-B822-FB99-9928D5272A29}.Release|Any CPU.ActiveCfg = Release|Any CPU
		{9C0A3163-E8A7-B822-FB99-9928D5272A29}.Release|Any CPU.Build.0 = Release|Any CPU
	EndGlobalSection
	GlobalSection(SolutionProperties) = preSolution
		HideSolutionNode = FALSE
	EndGlobalSection
	GlobalSection(MonoDevelopProperties) = preSolution
		StartupItem = Assembly-CSharp.csproj
	EndGlobalSection
EndGlobal
